
Microsoft Visual Studio Solution File, Format Version 12.00
# Visual Studio Version 17
VisualStudioVersion = 17.11.35303.130
MinimumVisualStudioVersion = 10.0.40219.1
Project("{2150E333-8FDC-42A3-9474-1A3956D46DE8}") = "Bootstrapper", "Bootstrapper", "{8FBFA0DF-06FC-4A58-A494-957C64BB4CFF}"
EndProject
Project("{2150E333-8FDC-42A3-9474-1A3956D46DE8}") = "Modules", "Modules", "{18471625-2142-4C79-B9ED-BDDC0E00E74B}"
EndProject
Project("{2150E333-8FDC-42A3-9474-1A3956D46DE8}") = "Shared", "Shared", "{B1B51CF8-7676-4EAE-8E0D-C831240896EE}"
EndProject
Project("{FAE04EC0-301F-11D3-BF4B-00C04F79EFBC}") = "Api", "Bootstrapper\Api\Api.csproj", "{2E7232C4-5756-4BB3-B5D7-1D8C73D7E193}"
EndProject
Project("{2150E333-8FDC-42A3-9474-1A3956D46DE8}") = "Basket", "Basket", "{89B4FF4F-62CD-4447-A33B-293BBF634B8C}"
EndProject
Project("{2150E333-8FDC-42A3-9474-1A3956D46DE8}") = "Catalog", "Catalog", "{BCDB92B3-5901-4BE5-83F2-0E2AA6A7BCDD}"
EndProject
Project("{2150E333-8FDC-42A3-9474-1A3956D46DE8}") = "Ordering", "Ordering", "{AE95841E-264E-4D02-AEDB-298571F0F6A9}"
EndProject
Project("{FAE04EC0-301F-11D3-BF4B-00C04F79EFBC}") = "Catalog", "Modules\Catalog\Catalog\Catalog.csproj", "{D29EB8C2-86B1-40DD-8502-7EF6847BB96D}"
EndProject
Project("{FAE04EC0-301F-11D3-BF4B-00C04F79EFBC}") = "Basket", "Modules\Basket\Basket\Basket.csproj", "{ADF61D41-91C4-417C-A7DD-BBEBA03997E2}"
EndProject
Project("{FAE04EC0-301F-11D3-BF4B-00C04F79EFBC}") = "Ordering", "Modules\Ordering\Ordering\Ordering.csproj", "{7B6CE2E7-1712-4CFE-A848-F5787FA27FBB}"
EndProject
Project("{FAE04EC0-301F-11D3-BF4B-00C04F79EFBC}") = "Shared", "Shared\Shared\Shared.csproj", "{CED587D0-4758-4FC6-9DB2-9A599542E7C3}"
EndProject
Global
	GlobalSection(SolutionConfigurationPlatforms) = preSolution
		Debug|Any CPU = Debug|Any CPU
		Release|Any CPU = Release|Any CPU
	EndGlobalSection
	GlobalSection(ProjectConfigurationPlatforms) = postSolution
		{2E7232C4-5756-4BB3-B5D7-1D8C73D7E193}.Debug|Any CPU.ActiveCfg = Debug|Any CPU
		{2E7232C4-5756-4BB3-B5D7-1D8C73D7E193}.Debug|Any CPU.Build.0 = Debug|Any CPU
		{2E7232C4-5756-4BB3-B5D7-1D8C73D7E193}.Release|Any CPU.ActiveCfg = Release|Any CPU
		{2E7232C4-5756-4BB3-B5D7-1D8C73D7E193}.Release|Any CPU.Build.0 = Release|Any CPU
		{D29EB8C2-86B1-40DD-8502-7EF6847BB96D}.Debug|Any CPU.ActiveCfg = Debug|Any CPU
		{D29EB8C2-86B1-40DD-8502-7EF6847BB96D}.Debug|Any CPU.Build.0 = Debug|Any CPU
		{D29EB8C2-86B1-40DD-8502-7EF6847BB96D}.Release|Any CPU.ActiveCfg = Release|Any CPU
		{D29EB8C2-86B1-40DD-8502-7EF6847BB96D}.Release|Any CPU.Build.0 = Release|Any CPU
		{ADF61D41-91C4-417C-A7DD-BBEBA03997E2}.Debug|Any CPU.ActiveCfg = Debug|Any CPU
		{ADF61D41-91C4-417C-A7DD-BBEBA03997E2}.Debug|Any CPU.Build.0 = Debug|Any CPU
		{ADF61D41-91C4-417C-A7DD-BBEBA03997E2}.Release|Any CPU.ActiveCfg = Release|Any CPU
		{ADF61D41-91C4-417C-A7DD-BBEBA03997E2}.Release|Any CPU.Build.0 = Release|Any CPU
		{7B6CE2E7-1712-4CFE-A848-F5787FA27FBB}.Debug|Any CPU.ActiveCfg = Debug|Any CPU
		{7B6CE2E7-1712-4CFE-A848-F5787FA27FBB}.Debug|Any CPU.Build.0 = Debug|Any CPU
		{7B6CE2E7-1712-4CFE-A848-F5787FA27FBB}.Release|Any CPU.ActiveCfg = Release|Any CPU
		{7B6CE2E7-1712-4CFE-A848-F5787FA27FBB}.Release|Any CPU.Build.0 = Release|Any CPU
		{CED587D0-4758-4FC6-9DB2-9A599542E7C3}.Debug|Any CPU.ActiveCfg = Debug|Any CPU
		{CED587D0-4758-4FC6-9DB2-9A599542E7C3}.Debug|Any CPU.Build.0 = Debug|Any CPU
		{CED587D0-4758-4FC6-9DB2-9A599542E7C3}.Release|Any CPU.ActiveCfg = Release|Any CPU
		{CED587D0-4758-4FC6-9DB2-9A599542E7C3}.Release|Any CPU.Build.0 = Release|Any CPU
	EndGlobalSection
	GlobalSection(SolutionProperties) = preSolution
		HideSolutionNode = FALSE
	EndGlobalSection
	GlobalSection(NestedProjects) = preSolution
		{2E7232C4-5756-4BB3-B5D7-1D8C73D7E193} = {8FBFA0DF-06FC-4A58-A494-957C64BB4CFF}
		{89B4FF4F-62CD-4447-A33B-293BBF634B8C} = {18471625-2142-4C79-B9ED-BDDC0E00E74B}
		{BCDB92B3-5901-4BE5-83F2-0E2AA6A7BCDD} = {18471625-2142-4C79-B9ED-BDDC0E00E74B}
		{AE95841E-264E-4D02-AEDB-298571F0F6A9} = {18471625-2142-4C79-B9ED-BDDC0E00E74B}
		{D29EB8C2-86B1-40DD-8502-7EF6847BB96D} = {BCDB92B3-5901-4BE5-83F2-0E2AA6A7BCDD}
		{ADF61D41-91C4-417C-A7DD-BBEBA03997E2} = {89B4FF4F-62CD-4447-A33B-293BBF634B8C}
		{7B6CE2E7-1712-4CFE-A848-F5787FA27FBB} = {AE95841E-264E-4D02-AEDB-298571F0F6A9}
		{CED587D0-4758-4FC6-9DB2-9A599542E7C3} = {B1B51CF8-7676-4EAE-8E0D-C831240896EE}
	EndGlobalSection
	GlobalSection(ExtensibilityGlobals) = postSolution
		SolutionGuid = {A81C4247-F10D-402E-8CF9-AB6AE5C9E99D}
	EndGlobalSection
EndGlobal
